{
  "version": "4",
  "specifiers": {
    "jsr:@helionaires/engram@*": "0.1.0",
    "jsr:@helionaires/engram@0.1": "0.1.2",
    "jsr:@helionaires/engram@0.1.1": "0.1.1",
    "jsr:@helionaires/engram@0.1.2": "0.1.2",
    "jsr:@helionaires/engram@0.2.6": "0.2.6",
    "jsr:@std/assert@*": "1.0.7",
    "jsr:@std/assert@^1.0.7": "1.0.7",
    "jsr:@std/expect@*": "1.0.7",
    "jsr:@std/internal@^1.0.5": "1.0.5",
    "npm:@types/node@*": "18.16.19",
    "npm:typescript-parsec@~0.3.4": "0.3.4",
    "npm:typescript-parser@^2.6.1": "2.6.1"
  },
  "jsr": {
    "@helionaires/engram@0.1.0": {
      "integrity": "4bf29be0d6c0c61eea182b7a7746b0ed5533f712fe05ab5ab60a0bc8a776a617"
    },
    "@helionaires/engram@0.1.1": {
      "integrity": "e580190804c53d4642299bf2bea4d257a48ebe57971d5198afe6723dafb24549"
    },
    "@helionaires/engram@0.1.2": {
      "integrity": "709e496e742c6c653e3cfa4009aa341073c41f0d025dac8f7483543ab8818e19"
    },
    "@helionaires/engram@0.2.6": {
      "integrity": "7a4605d59a7548fcaf7b34a101546720955e87494526a5a7f7847f2a9749eada"
    },
    "@std/assert@1.0.7": {
      "integrity": "64ce9fac879e0b9f3042a89b3c3f8ccfc9c984391af19e2087513a79d73e28c3",
      "dependencies": [
        "jsr:@std/internal"
      ]
    },
    "@std/expect@1.0.7": {
      "integrity": "3904afa77cfe5c45dd2cd2c476e6fc5b6f57103d712890f0783d74c19d4b05a9",
      "dependencies": [
        "jsr:@std/assert@^1.0.7",
        "jsr:@std/internal"
      ]
    },
    "@std/internal@1.0.5": {
      "integrity": "54a546004f769c1ac9e025abd15a76b6671ddc9687e2313b67376125650dc7ba"
    }
  },
  "npm": {
    "@types/node@18.16.19": {
      "integrity": "sha512-IXl7o+R9iti9eBW4Wg2hx1xQDig183jj7YLn8F7udNceyfkbn1ZxmzZXuak20gR40D7pIkIY1kYGx5VIGbaHKA=="
    },
    "lodash-es@4.17.21": {
      "integrity": "sha512-mKnC+QJ9pWVzv+C4/U3rRsHapFfHvQFoFB92e52xeyGMcX6/OlIl78je1u8vePzYZSkkogMPJ2yjxxsb89cxyw=="
    },
    "lodash@4.17.21": {
      "integrity": "sha512-v2kDEe57lecTulaDIuNTPy3Ry4gLGJ6Z1O3vE1krgXZNrsQ+LFTGHVxVjcXPs17LhbZVGedAJv8XZ1tvj5FvSg=="
    },
    "tslib@1.14.1": {
      "integrity": "sha512-Xni35NKzjgMrwevysHTCArtLDpPvye8zV/0E4EyYn43P7/7qvQwPh9BGkHewbMulVntbigmcT7rdX3BNo9wRJg=="
    },
    "typescript-parsec@0.3.4": {
      "integrity": "sha512-6RD4xOxp26BTZLopNbqT2iErqNhQZZWb5m5F07/UwGhldGvOAKOl41pZ3fxsFp04bNL+PbgMjNfb6IvJAC/uYQ=="
    },
    "typescript-parser@2.6.1": {
      "integrity": "sha512-p4ZC10pu67KO8+WJALsJWhbAq4pRBIcP+ls8Bhl+V8KvzYQDwxw/P5hJhn3rBdLnfS5aGLflfh7WiZpN6yi+5g==",
      "dependencies": [
        "lodash",
        "lodash-es",
        "tslib",
        "typescript"
      ]
    },
    "typescript@3.9.10": {
      "integrity": "sha512-w6fIxVE/H1PkLKcCPsFqKE7Kv7QUwhU8qQY2MueZXWx5cPZdwFupLgKK3vntcK98BtNHZtAF4LA/yl2a7k8R6Q=="
    }
  },
  "workspace": {
    "packageJson": {
      "dependencies": [
        "npm:typescript-parsec@~0.3.4",
        "npm:typescript-parser@^2.6.1"
      ]
    }
  }
}
